
Microsoft Visual Studio Solution File, Format Version 12.00
# Visual Studio 15
VisualStudioVersion = 15.0.28010.2046
MinimumVisualStudioVersion = 10.0.40219.1
Project("{FAE04EC0-301F-11D3-BF4B-00C04F79EFBC}") = "Recursion", "Recursion\Recursion.csproj", "{8E946B20-B0F0-41DC-A25E-AAA1FC5922CB}"
EndProject
Global
	GlobalSection(SolutionConfigurationPlatforms) = preSolution
		Debug|Any CPU = Debug|Any CPU
		Release|Any CPU = Release|Any CPU
	EndGlobalSection
	GlobalSection(ProjectConfigurationPlatforms) = postSolution
		{8E946B20-B0F0-41DC-A25E-AAA1FC5922CB}.Debug|Any CPU.ActiveCfg = Debug|Any CPU
		{8E946B20-B0F0-41DC-A25E-AAA1FC5922CB}.Debug|Any CPU.Build.0 = Debug|Any CPU
		{8E946B20-B0F0-41DC-A25E-AAA1FC5922CB}.Release|Any CPU.ActiveCfg = Release|Any CPU
		{8E946B20-B0F0-41DC-A25E-AAA1FC5922CB}.Release|Any CPU.Build.0 = Release|Any CPU
	EndGlobalSection
	GlobalSection(SolutionProperties) = preSolution
		HideSolutionNode = FALSE
	EndGlobalSection
	GlobalSection(ExtensibilityGlobals) = postSolution
		SolutionGuid = {7547B2A9-FF1C-4579-9E20-B5BC880D8740}
	EndGlobalSection
EndGlobal
